// !$*UTF8*$!
{
	archiveVersion = 1;
	classes = {
	};
	objectVersion = 46;
	objects = {

/* Begin PBXBuildFile section */
		BB1DD2BE1DFCE92B00B6C00E /* AppDelegate.swift in Sources */ = {isa = PBXBuildFile; fileRef = BB1DD2BD1DFCE92B00B6C00E /* AppDelegate.swift */; };
		BB1DD2C01DFCE92B00B6C00E /* ViewController.swift in Sources */ = {isa = PBXBuildFile; fileRef = BB1DD2BF1DFCE92B00B6C00E /* ViewController.swift */; };
		BB1DD2C31DFCE92B00B6C00E /* Main.storyboard in Resources */ = {isa = PBXBuildFile; fileRef = BB1DD2C11DFCE92B00B6C00E /* Main.storyboard */; };
		BB1DD2C51DFCE92B00B6C00E /* Assets.xcassets in Resources */ = {isa = PBXBuildFile; fileRef = BB1DD2C41DFCE92B00B6C00E /* Assets.xcassets */; };
		BB1DD2C81DFCE92B00B6C00E /* LaunchScreen.storyboard in Resources */ = {isa = PBXBuildFile; fileRef = BB1DD2C61DFCE92B00B6C00E /* LaunchScreen.storyboard */; };
		BB1DD2D31DFCE92B00B6C00E /* HybridTests.swift in Sources */ = {isa = PBXBuildFile; fileRef = BB1DD2D21DFCE92B00B6C00E /* HybridTests.swift */; };
		BB1DD2DF1DFCE97F00B6C00E /* WebContainer.swift in Sources */ = {isa = PBXBuildFile; fileRef = BB1DD2DE1DFCE97F00B6C00E /* WebContainer.swift */; };
		BB1DD2E41DFCEB8C00B6C00E /* global.css in Resources */ = {isa = PBXBuildFile; fileRef = BB1DD2E11DFCEB8C00B6C00E /* global.css */; };
		BB1DD2E51DFCEB8C00B6C00E /* global.js in Resources */ = {isa = PBXBuildFile; fileRef = BB1DD2E21DFCEB8C00B6C00E /* global.js */; };
		BB1DD2E61DFCEB8C00B6C00E /* main.html in Resources */ = {isa = PBXBuildFile; fileRef = BB1DD2E31DFCEB8C00B6C00E /* main.html */; };
		BB1DD2E91DFCF3F100B6C00E /* TimeLogger.swift in Sources */ = {isa = PBXBuildFile; fileRef = BB1DD2E81DFCF3F100B6C00E /* TimeLogger.swift */; };
		BB1DD2EC1DFD57C000B6C00E /* FileInterceptor.swift in Sources */ = {isa = PBXBuildFile; fileRef = BB1DD2EB1DFD57C000B6C00E /* FileInterceptor.swift */; };
		BB1DD2EF1DFD8D1D00B6C00E /* CacheManager.swift in Sources */ = {isa = PBXBuildFile; fileRef = BB1DD2EE1DFD8D1D00B6C00E /* CacheManager.swift */; };
		BB1DD2F21DFD98BB00B6C00E /* String+Extension.swift in Sources */ = {isa = PBXBuildFile; fileRef = BB1DD2F11DFD98BB00B6C00E /* String+Extension.swift */; };
/* End PBXBuildFile section */

/* Begin PBXContainerItemProxy section */
		BB1DD2CF1DFCE92B00B6C00E /* PBXContainerItemProxy */ = {
			isa = PBXContainerItemProxy;
			containerPortal = BB1DD2B21DFCE92B00B6C00E /* Project object */;
			proxyType = 1;
			remoteGlobalIDString = BB1DD2B91DFCE92B00B6C00E;
			remoteInfo = Hybrid;
		};
/* End PBXContainerItemProxy section */

/* Begin PBXFileReference section */
		BB1DD2BA1DFCE92B00B6C00E /* Hybrid.app */ = {isa = PBXFileReference; explicitFileType = wrapper.application; includeInIndex = 0; path = Hybrid.app; sourceTree = BUILT_PRODUCTS_DIR; };
		BB1DD2BD1DFCE92B00B6C00E /* AppDelegate.swift */ = {isa = PBXFileReference; lastKnownFileType = sourcecode.swift; path = AppDelegate.swift; sourceTree = "<group>"; };
		BB1DD2BF1DFCE92B00B6C00E /* ViewController.swift */ = {isa = PBXFileReference; lastKnownFileType = sourcecode.swift; path = ViewController.swift; sourceTree = "<group>"; };
		BB1DD2C21DFCE92B00B6C00E /* Base */ = {isa = PBXFileReference; lastKnownFileType = file.storyboard; name = Base; path = Base.lproj/Main.storyboard; sourceTree = "<group>"; };
		BB1DD2C41DFCE92B00B6C00E /* Assets.xcassets */ = {isa = PBXFileReference; lastKnownFileType = folder.assetcatalog; path = Assets.xcassets; sourceTree = "<group>"; };
		BB1DD2C71DFCE92B00B6C00E /* Base */ = {isa = PBXFileReference; lastKnownFileType = file.storyboard; name = Base; path = Base.lproj/LaunchScreen.storyboard; sourceTree = "<group>"; };
		BB1DD2C91DFCE92B00B6C00E /* Info.plist */ = {isa = PBXFileReference; lastKnownFileType = text.plist.xml; path = Info.plist; sourceTree = "<group>"; };
		BB1DD2CE1DFCE92B00B6C00E /* HybridTests.xctest */ = {isa = PBXFileReference; explicitFileType = wrapper.cfbundle; includeInIndex = 0; path = HybridTests.xctest; sourceTree = BUILT_PRODUCTS_DIR; };
		BB1DD2D21DFCE92B00B6C00E /* HybridTests.swift */ = {isa = PBXFileReference; lastKnownFileType = sourcecode.swift; path = HybridTests.swift; sourceTree = "<group>"; };
		BB1DD2D41DFCE92B00B6C00E /* Info.plist */ = {isa = PBXFileReference; lastKnownFileType = text.plist.xml; path = Info.plist; sourceTree = "<group>"; };
		BB1DD2DE1DFCE97F00B6C00E /* WebContainer.swift */ = {isa = PBXFileReference; fileEncoding = 4; lastKnownFileType = sourcecode.swift; path = WebContainer.swift; sourceTree = "<group>"; };
		BB1DD2E11DFCEB8C00B6C00E /* global.css */ = {isa = PBXFileReference; fileEncoding = 4; lastKnownFileType = text.css; path = global.css; sourceTree = "<group>"; };
		BB1DD2E21DFCEB8C00B6C00E /* global.js */ = {isa = PBXFileReference; fileEncoding = 4; lastKnownFileType = sourcecode.javascript; path = global.js; sourceTree = "<group>"; };
		BB1DD2E31DFCEB8C00B6C00E /* main.html */ = {isa = PBXFileReference; fileEncoding = 4; lastKnownFileType = text.html; path = main.html; sourceTree = "<group>"; };
		BB1DD2E81DFCF3F100B6C00E /* TimeLogger.swift */ = {isa = PBXFileReference; fileEncoding = 4; lastKnownFileType = sourcecode.swift; path = TimeLogger.swift; sourceTree = "<group>"; };
		BB1DD2EB1DFD57C000B6C00E /* FileInterceptor.swift */ = {isa = PBXFileReference; fileEncoding = 4; lastKnownFileType = sourcecode.swift; path = FileInterceptor.swift; sourceTree = "<group>"; };
		BB1DD2EE1DFD8D1D00B6C00E /* CacheManager.swift */ = {isa = PBXFileReference; fileEncoding = 4; lastKnownFileType = sourcecode.swift; path = CacheManager.swift; sourceTree = "<group>"; };
		BB1DD2F11DFD98BB00B6C00E /* String+Extension.swift */ = {isa = PBXFileReference; fileEncoding = 4; lastKnownFileType = sourcecode.swift; path = "String+Extension.swift"; sourceTree = "<group>"; };
		BB1DD2F31DFD9B2B00B6C00E /* Hybrid-Bridging-Header.h */ = {isa = PBXFileReference; lastKnownFileType = sourcecode.c.h; path = "Hybrid-Bridging-Header.h"; sourceTree = "<group>"; };
/* End PBXFileReference section */

/* Begin PBXFrameworksBuildPhase section */
		BB1DD2B71DFCE92B00B6C00E /* Frameworks */ = {
			isa = PBXFrameworksBuildPhase;
			buildActionMask = 2147483647;
			files = (
			);
			runOnlyForDeploymentPostprocessing = 0;
		};
		BB1DD2CB1DFCE92B00B6C00E /* Frameworks */ = {
			isa = PBXFrameworksBuildPhase;
			buildActionMask = 2147483647;
			files = (
			);
			runOnlyForDeploymentPostprocessing = 0;
		};
/* End PBXFrameworksBuildPhase section */

/* Begin PBXGroup section */
		BB1DD2B11DFCE92B00B6C00E = {
			isa = PBXGroup;
			children = (
				BB1DD2E01DFCEA1B00B6C00E /* HybridResource */,
				BB1DD2DD1DFCE95100B6C00E /* HybridCore */,
				BB1DD2BC1DFCE92B00B6C00E /* Hybrid */,
				BB1DD2D11DFCE92B00B6C00E /* HybridTests */,
				BB1DD2BB1DFCE92B00B6C00E /* Products */,
			);
			sourceTree = "<group>";
		};
		BB1DD2BB1DFCE92B00B6C00E /* Products */ = {
			isa = PBXGroup;
			children = (
				BB1DD2BA1DFCE92B00B6C00E /* Hybrid.app */,
				BB1DD2CE1DFCE92B00B6C00E /* HybridTests.xctest */,
			);
			name = Products;
			sourceTree = "<group>";
		};
		BB1DD2BC1DFCE92B00B6C00E /* Hybrid */ = {
			isa = PBXGroup;
			children = (
				BB1DD2E71DFCF3D100B6C00E /* Helper */,
				BB1DD2BD1DFCE92B00B6C00E /* AppDelegate.swift */,
				BB1DD2BF1DFCE92B00B6C00E /* ViewController.swift */,
				BB1DD2C11DFCE92B00B6C00E /* Main.storyboard */,
				BB1DD2C41DFCE92B00B6C00E /* Assets.xcassets */,
				BB1DD2C61DFCE92B00B6C00E /* LaunchScreen.storyboard */,
				BB1DD2C91DFCE92B00B6C00E /* Info.plist */,
			);
			path = Hybrid;
			sourceTree = "<group>";
		};
		BB1DD2D11DFCE92B00B6C00E /* HybridTests */ = {
			isa = PBXGroup;
			children = (
				BB1DD2D21DFCE92B00B6C00E /* HybridTests.swift */,
				BB1DD2D41DFCE92B00B6C00E /* Info.plist */,
			);
			path = HybridTests;
			sourceTree = "<group>";
		};
		BB1DD2DD1DFCE95100B6C00E /* HybridCore */ = {
			isa = PBXGroup;
			children = (
				BB1DD2F01DFD987B00B6C00E /* Utils */,
				BB1DD2ED1DFD8D0C00B6C00E /* CacheManager */,
				BB1DD2EA1DFD57A500B6C00E /* Interceptor */,
				BB1DD2DE1DFCE97F00B6C00E /* WebContainer.swift */,
			);
			path = HybridCore;
			sourceTree = "<group>";
		};
		BB1DD2E01DFCEA1B00B6C00E /* HybridResource */ = {
			isa = PBXGroup;
			children = (
				BB1DD2E11DFCEB8C00B6C00E /* global.css */,
				BB1DD2E21DFCEB8C00B6C00E /* global.js */,
				BB1DD2E31DFCEB8C00B6C00E /* main.html */,
			);
			path = HybridResource;
			sourceTree = "<group>";
		};
		BB1DD2E71DFCF3D100B6C00E /* Helper */ = {
			isa = PBXGroup;
			children = (
				BB1DD2E81DFCF3F100B6C00E /* TimeLogger.swift */,
			);
			name = Helper;
			sourceTree = "<group>";
		};
		BB1DD2EA1DFD57A500B6C00E /* Interceptor */ = {
			isa = PBXGroup;
			children = (
				BB1DD2EB1DFD57C000B6C00E /* FileInterceptor.swift */,
			);
			path = Interceptor;
			sourceTree = "<group>";
		};
		BB1DD2ED1DFD8D0C00B6C00E /* CacheManager */ = {
			isa = PBXGroup;
			children = (
				BB1DD2EE1DFD8D1D00B6C00E /* CacheManager.swift */,
			);
			path = CacheManager;
			sourceTree = "<group>";
		};
		BB1DD2F01DFD987B00B6C00E /* Utils */ = {
			isa = PBXGroup;
			children = (
				BB1DD2F11DFD98BB00B6C00E /* String+Extension.swift */,
				BB1DD2F31DFD9B2B00B6C00E /* Hybrid-Bridging-Header.h */,
			);
			name = Utils;
			sourceTree = "<group>";
		};
/* End PBXGroup section */

/* Begin PBXNativeTarget section */
		BB1DD2B91DFCE92B00B6C00E /* Hybrid */ = {
			isa = PBXNativeTarget;
			buildConfigurationList = BB1DD2D71DFCE92B00B6C00E /* Build configuration list for PBXNativeTarget "Hybrid" */;
			buildPhases = (
				BB1DD2B61DFCE92B00B6C00E /* Sources */,
				BB1DD2B71DFCE92B00B6C00E /* Frameworks */,
				BB1DD2B81DFCE92B00B6C00E /* Resources */,
				BB1DD2F71DFDA04C00B6C00E /* ShellScript */,
			);
			buildRules = (
			);
			dependencies = (
			);
			name = Hybrid;
			productName = Hybrid;
			productReference = BB1DD2BA1DFCE92B00B6C00E /* Hybrid.app */;
			productType = "com.apple.product-type.application";
		};
		BB1DD2CD1DFCE92B00B6C00E /* HybridTests */ = {
			isa = PBXNativeTarget;
			buildConfigurationList = BB1DD2DA1DFCE92B00B6C00E /* Build configuration list for PBXNativeTarget "HybridTests" */;
			buildPhases = (
				BB1DD2CA1DFCE92B00B6C00E /* Sources */,
				BB1DD2CB1DFCE92B00B6C00E /* Frameworks */,
				BB1DD2CC1DFCE92B00B6C00E /* Resources */,
			);
			buildRules = (
			);
			dependencies = (
				BB1DD2D01DFCE92B00B6C00E /* PBXTargetDependency */,
			);
			name = HybridTests;
			productName = HybridTests;
			productReference = BB1DD2CE1DFCE92B00B6C00E /* HybridTests.xctest */;
			productType = "com.apple.product-type.bundle.unit-test";
		};
/* End PBXNativeTarget section */

/* Begin PBXProject section */
		BB1DD2B21DFCE92B00B6C00E /* Project object */ = {
			isa = PBXProject;
			attributes = {
				LastSwiftUpdateCheck = 0810;
				LastUpgradeCheck = 0810;
				ORGANIZATIONNAME = LZephyr;
				TargetAttributes = {
					BB1DD2B91DFCE92B00B6C00E = {
						CreatedOnToolsVersion = 8.1;
						DevelopmentTeam = WQJ84ABJFE;
						LastSwiftMigration = 0810;
						ProvisioningStyle = Automatic;
					};
					BB1DD2CD1DFCE92B00B6C00E = {
						CreatedOnToolsVersion = 8.1;
						DevelopmentTeam = WQJ84ABJFE;
						ProvisioningStyle = Automatic;
						TestTargetID = BB1DD2B91DFCE92B00B6C00E;
					};
				};
			};
			buildConfigurationList = BB1DD2B51DFCE92B00B6C00E /* Build configuration list for PBXProject "Hybrid" */;
			compatibilityVersion = "Xcode 3.2";
			developmentRegion = English;
			hasScannedForEncodings = 0;
			knownRegions = (
				en,
				Base,
			);
			mainGroup = BB1DD2B11DFCE92B00B6C00E;
			productRefGroup = BB1DD2BB1DFCE92B00B6C00E /* Products */;
			projectDirPath = "";
			projectRoot = "";
			targets = (
				BB1DD2B91DFCE92B00B6C00E /* Hybrid */,
				BB1DD2CD1DFCE92B00B6C00E /* HybridTests */,
			);
		};
/* End PBXProject section */

/* Begin PBXResourcesBuildPhase section */
		BB1DD2B81DFCE92B00B6C00E /* Resources */ = {
			isa = PBXResourcesBuildPhase;
			buildActionMask = 2147483647;
			files = (
				BB1DD2C81DFCE92B00B6C00E /* LaunchScreen.storyboard in Resources */,
				BB1DD2E51DFCEB8C00B6C00E /* global.js in Resources */,
				BB1DD2C51DFCE92B00B6C00E /* Assets.xcassets in Resources */,
				BB1DD2E61DFCEB8C00B6C00E /* main.html in Resources */,
				BB1DD2E41DFCEB8C00B6C00E /* global.css in Resources */,
				BB1DD2C31DFCE92B00B6C00E /* Main.storyboard in Resources */,
			);
			runOnlyForDeploymentPostprocessing = 0;
		};
		BB1DD2CC1DFCE92B00B6C00E /* Resources */ = {
			isa = PBXResourcesBuildPhase;
			buildActionMask = 2147483647;
			files = (
			);
			runOnlyForDeploymentPostprocessing = 0;
		};
/* End PBXResourcesBuildPhase section */

/* Begin PBXShellScriptBuildPhase section */
		BB1DD2F71DFDA04C00B6C00E /* ShellScript */ = {
			isa = PBXShellScriptBuildPhase;
			buildActionMask = 2147483647;
			files = (
			);
			inputPaths = (
			);
			outputPaths = (
			);
			runOnlyForDeploymentPostprocessing = 0;
			shellPath = /bin/sh;
			shellScript = "TAGS=\"TODO:|FIXME:\"\necho \"searching ${SRCROOT} for ${TAGS}\"\nfind \"${SRCROOT}\" \\( -name \"*.swift\" \\) -print0 | xargs -0 egrep --with-filename --line-number --only-matching \"($TAGS).*\\$\" | perl -p -e \"s/($TAGS)/ warning: \\$1/\"";
		};
/* End PBXShellScriptBuildPhase section */

/* Begin PBXSourcesBuildPhase section */
		BB1DD2B61DFCE92B00B6C00E /* Sources */ = {
			isa = PBXSourcesBuildPhase;
			buildActionMask = 2147483647;
			files = (
				BB1DD2DF1DFCE97F00B6C00E /* WebContainer.swift in Sources */,
				BB1DD2F21DFD98BB00B6C00E /* String+Extension.swift in Sources */,
				BB1DD2E91DFCF3F100B6C00E /* TimeLogger.swift in Sources */,
				BB1DD2EC1DFD57C000B6C00E /* FileInterceptor.swift in Sources */,
				BB1DD2C01DFCE92B00B6C00E /* ViewController.swift in Sources */,
				BB1DD2EF1DFD8D1D00B6C00E /* CacheManager.swift in Sources */,
				BB1DD2BE1DFCE92B00B6C00E /* AppDelegate.swift in Sources */,
			);
			runOnlyForDeploymentPostprocessing = 0;
		};
		BB1DD2CA1DFCE92B00B6C00E /* Sources */ = {
			isa = PBXSourcesBuildPhase;
			buildActionMask = 2147483647;
			files = (
				BB1DD2D31DFCE92B00B6C00E /* HybridTests.swift in Sources */,
			);
			runOnlyForDeploymentPostprocessing = 0;
		};
/* End PBXSourcesBuildPhase section */

/* Begin PBXTargetDependency section */
		BB1DD2D01DFCE92B00B6C00E /* PBXTargetDependency */ = {
			isa = PBXTargetDependency;
			target = BB1DD2B91DFCE92B00B6C00E /* Hybrid */;
			targetProxy = BB1DD2CF1DFCE92B00B6C00E /* PBXContainerItemProxy */;
		};
/* End PBXTargetDependency section */

/* Begin PBXVariantGroup section */
		BB1DD2C11DFCE92B00B6C00E /* Main.storyboard */ = {
			isa = PBXVariantGroup;
			children = (
				BB1DD2C21DFCE92B00B6C00E /* Base */,
			);
			name = Main.storyboard;
			sourceTree = "<group>";
		};
		BB1DD2C61DFCE92B00B6C00E /* LaunchScreen.storyboard */ = {
			isa = PBXVariantGroup;
			children = (
				BB1DD2C71DFCE92B00B6C00E /* Base */,
			);
			name = LaunchScreen.storyboard;
			sourceTree = "<group>";
		};
/* End PBXVariantGroup section */

/* Begin XCBuildConfiguration section */
		BB1DD2D51DFCE92B00B6C00E /* Debug */ = {
			isa = XCBuildConfiguration;
			buildSettings = {
				ALWAYS_SEARCH_USER_PATHS = NO;
				CLANG_ANALYZER_NONNULL = YES;
				CLANG_CXX_LANGUAGE_STANDARD = "gnu++0x";
				CLANG_CXX_LIBRARY = "libc++";
				CLANG_ENABLE_MODULES = YES;
				CLANG_ENABLE_OBJC_ARC = YES;
				CLANG_WARN_BOOL_CONVERSION = YES;
				CLANG_WARN_CONSTANT_CONVERSION = YES;
				CLANG_WARN_DIRECT_OBJC_ISA_USAGE = YES_ERROR;
				CLANG_WARN_DOCUMENTATION_COMMENTS = YES;
				CLANG_WARN_EMPTY_BODY = YES;
				CLANG_WARN_ENUM_CONVERSION = YES;
				CLANG_WARN_INFINITE_RECURSION = YES;
				CLANG_WARN_INT_CONVERSION = YES;
				CLANG_WARN_OBJC_ROOT_CLASS = YES_ERROR;
				CLANG_WARN_SUSPICIOUS_MOVES = YES;
				CLANG_WARN_UNREACHABLE_CODE = YES;
				CLANG_WARN__DUPLICATE_METHOD_MATCH = YES;
				"CODE_SIGN_IDENTITY[sdk=iphoneos*]" = "iPhone Developer";
				COPY_PHASE_STRIP = NO;
				DEBUG_INFORMATION_FORMAT = dwarf;
				ENABLE_STRICT_OBJC_MSGSEND = YES;
				ENABLE_TESTABILITY = YES;
				GCC_C_LANGUAGE_STANDARD = gnu99;
				GCC_DYNAMIC_NO_PIC = NO;
				GCC_NO_COMMON_BLOCKS = YES;
				GCC_OPTIMIZATION_LEVEL = 0;
				GCC_PREPROCESSOR_DEFINITIONS = (
					"DEBUG=1",
					"$(inherited)",
				);
				GCC_WARN_64_TO_32_BIT_CONVERSION = YES;
				GCC_WARN_ABOUT_RETURN_TYPE = YES_ERROR;
				GCC_WARN_UNDECLARED_SELECTOR = YES;
				GCC_WARN_UNINITIALIZED_AUTOS = YES_AGGRESSIVE;
				GCC_WARN_UNUSED_FUNCTION = YES;
				GCC_WARN_UNUSED_VARIABLE = YES;
				IPHONEOS_DEPLOYMENT_TARGET = 10.1;
				MTL_ENABLE_DEBUG_INFO = YES;
				ONLY_ACTIVE_ARCH = YES;
				SDKROOT = iphoneos;
				SWIFT_ACTIVE_COMPILATION_CONDITIONS = DEBUG;
				SWIFT_OPTIMIZATION_LEVEL = "-Onone";
			};
			name = Debug;
		};
		BB1DD2D61DFCE92B00B6C00E /* Release */ = {
			isa = XCBuildConfiguration;
			buildSettings = {
				ALWAYS_SEARCH_USER_PATHS = NO;
				CLANG_ANALYZER_NONNULL = YES;
				CLANG_CXX_LANGUAGE_STANDARD = "gnu++0x";
				CLANG_CXX_LIBRARY = "libc++";
				CLANG_ENABLE_MODULES = YES;
				CLANG_ENABLE_OBJC_ARC = YES;
				CLANG_WARN_BOOL_CONVERSION = YES;
				CLANG_WARN_CONSTANT_CONVERSION = YES;
				CLANG_WARN_DIRECT_OBJC_ISA_USAGE = YES_ERROR;
				CLANG_WARN_DOCUMENTATION_COMMENTS = YES;
				CLANG_WARN_EMPTY_BODY = YES;
				CLANG_WARN_ENUM_CONVERSION = YES;
				CLANG_WARN_INFINITE_RECURSION = YES;
				CLANG_WARN_INT_CONVERSION = YES;
				CLANG_WARN_OBJC_ROOT_CLASS = YES_ERROR;
				CLANG_WARN_SUSPICIOUS_MOVES = YES;
				CLANG_WARN_UNREACHABLE_CODE = YES;
				CLANG_WARN__DUPLICATE_METHOD_MATCH = YES;
				"CODE_SIGN_IDENTITY[sdk=iphoneos*]" = "iPhone Developer";
				COPY_PHASE_STRIP = NO;
				DEBUG_INFORMATION_FORMAT = "dwarf-with-dsym";
				ENABLE_NS_ASSERTIONS = NO;
				ENABLE_STRICT_OBJC_MSGSEND = YES;
				GCC_C_LANGUAGE_STANDARD = gnu99;
				GCC_NO_COMMON_BLOCKS = YES;
				GCC_WARN_64_TO_32_BIT_CONVERSION = YES;
				GCC_WARN_ABOUT_RETURN_TYPE = YES_ERROR;
				GCC_WARN_UNDECLARED_SELECTOR = YES;
				GCC_WARN_UNINITIALIZED_AUTOS = YES_AGGRESSIVE;
				GCC_WARN_UNUSED_FUNCTION = YES;
				GCC_WARN_UNUSED_VARIABLE = YES;
				IPHONEOS_DEPLOYMENT_TARGET = 10.1;
				MTL_ENABLE_DEBUG_INFO = NO;
				SDKROOT = iphoneos;
				SWIFT_OPTIMIZATION_LEVEL = "-Owholemodule";
				VALIDATE_PRODUCT = YES;
			};
			name = Release;
		};
		BB1DD2D81DFCE92B00B6C00E /* Debug */ = {
			isa = XCBuildConfiguration;
			buildSettings = {
				ASSETCATALOG_COMPILER_APPICON_NAME = AppIcon;
				CLANG_ENABLE_MODULES = YES;
				DEVELOPMENT_TEAM = WQJ84ABJFE;
				INFOPLIST_FILE = Hybrid/Info.plist;
				IPHONEOS_DEPLOYMENT_TARGET = 9.1;
				LD_RUNPATH_SEARCH_PATHS = "$(inherited) @executable_path/Frameworks";
				PRODUCT_BUNDLE_IDENTIFIER = LZephyr.Hybrid;
				PRODUCT_NAME = "$(TARGET_NAME)";
				SWIFT_OBJC_BRIDGING_HEADER = "HybridCore/Hybrid-Bridging-Header.h";
				SWIFT_OPTIMIZATION_LEVEL = "-Onone";
				SWIFT_VERSION = 3.0;
			};
			name = Debug;
		};
		BB1DD2D91DFCE92B00B6C00E /* Release */ = {
			isa = XCBuildConfiguration;
			buildSettings = {
				ASSETCATALOG_COMPILER_APPICON_NAME = AppIcon;
				CLANG_ENABLE_MODULES = YES;
				DEVELOPMENT_TEAM = WQJ84ABJFE;
				INFOPLIST_FILE = Hybrid/Info.plist;
				IPHONEOS_DEPLOYMENT_TARGET = 9.1;
				LD_RUNPATH_SEARCH_PATHS = "$(inherited) @executable_path/Frameworks";
				PRODUCT_BUNDLE_IDENTIFIER = LZephyr.Hybrid;
				PRODUCT_NAME = "$(TARGET_NAME)";
				SWIFT_OBJC_BRIDGING_HEADER = "HybridCore/Hybrid-Bridging-Header.h";
				SWIFT_VERSION = 3.0;
			};
			name = Release;
		};
		BB1DD2DB1DFCE92B00B6C00E /* Debug */ = {
			isa = XCBuildConfiguration;
			buildSettings = {
				ALWAYS_EMBED_SWIFT_STANDARD_LIBRARIES = YES;
				BUNDLE_LOADER = "$(TEST_HOST)";
				DEVELOPMENT_TEAM = WQJ84ABJFE;
				INFOPLIST_FILE = HybridTests/Info.plist;
				LD_RUNPATH_SEARCH_PATHS = "$(inherited) @executable_path/Frameworks @loader_path/Frameworks";
				PRODUCT_BUNDLE_IDENTIFIER = LZephyr.HybridTests;
				PRODUCT_NAME = "$(TARGET_NAME)";
				SWIFT_VERSION = 3.0;
				TEST_HOST = "$(BUILT_PRODUCTS_DIR)/Hybrid.app/Hybrid";
			};
			name = Debug;
		};
		BB1DD2DC1DFCE92B00B6C00E /* Release */ = {
			isa = XCBuildConfiguration;
			buildSettings = {
				ALWAYS_EMBED_SWIFT_STANDARD_LIBRARIES = YES;
				BUNDLE_LOADER = "$(TEST_HOST)";
				DEVELOPMENT_TEAM = WQJ84ABJFE;
				INFOPLIST_FILE = HybridTests/Info.plist;
				LD_RUNPATH_SEARCH_PATHS = "$(inherited) @executable_path/Frameworks @loader_path/Frameworks";
				PRODUCT_BUNDLE_IDENTIFIER = LZephyr.HybridTests;
				PRODUCT_NAME = "$(TARGET_NAME)";
				SWIFT_VERSION = 3.0;
				TEST_HOST = "$(BUILT_PRODUCTS_DIR)/Hybrid.app/Hybrid";
			};
			name = Release;
		};
/* End XCBuildConfiguration section */

/* Begin XCConfigurationList section */
		BB1DD2B51DFCE92B00B6C00E /* Build configuration list for PBXProject "Hybrid" */ = {
			isa = XCConfigurationList;
			buildConfigurations = (
				BB1DD2D51DFCE92B00B6C00E /* Debug */,
				BB1DD2D61DFCE92B00B6C00E /* Release */,
			);
			defaultConfigurationIsVisible = 0;
			defaultConfigurationName = Release;
		};
		BB1DD2D71DFCE92B00B6C00E /* Build configuration list for PBXNativeTarget "Hybrid" */ = {
			isa = XCConfigurationList;
			buildConfigurations = (
				BB1DD2D81DFCE92B00B6C00E /* Debug */,
				BB1DD2D91DFCE92B00B6C00E /* Release */,
			);
			defaultConfigurationIsVisible = 0;
		};
		BB1DD2DA1DFCE92B00B6C00E /* Build configuration list for PBXNativeTarget "HybridTests" */ = {
			isa = XCConfigurationList;
			buildConfigurations = (
				BB1DD2DB1DFCE92B00B6C00E /* Debug */,
				BB1DD2DC1DFCE92B00B6C00E /* Release */,
			);
			defaultConfigurationIsVisible = 0;
		};
/* End XCConfigurationList section */
	};
	rootObject = BB1DD2B21DFCE92B00B6C00E /* Project object */;
}
